
Microsoft Visual Studio Solution File, Format Version 12.00
# Visual Studio Version 17
VisualStudioVersion = 17.5.33502.453
MinimumVisualStudioVersion = 10.0.40219.1
Project("{9A19103F-16F7-4668-BE54-9A1E7A4F7556}") = "Data", "..\Data\Data.csproj", "{2817FA24-C903-418E-BF0E-962E46D80386}"
EndProject
Project("{9A19103F-16F7-4668-BE54-9A1E7A4F7556}") = "VariacaoAtivo", "..\VariacaoAtivo\VariacaoAtivo.csproj", "{268125DC-FB8C-4B7A-A3A1-FC88BDFAC037}"
EndProject
Project("{FAE04EC0-301F-11D3-BF4B-00C04F79EFBC}") = "Teste", "Teste\Teste.csproj", "{2ABB76B1-F990-451E-A41C-3510FA9EA4EF}"
EndProject
Global
	GlobalSection(SolutionConfigurationPlatforms) = preSolution
		Debug|Any CPU = Debug|Any CPU
		Release|Any CPU = Release|Any CPU
	EndGlobalSection
	GlobalSection(ProjectConfigurationPlatforms) = postSolution
		{2817FA24-C903-418E-BF0E-962E46D80386}.Debug|Any CPU.ActiveCfg = Debug|Any CPU
		{2817FA24-C903-418E-BF0E-962E46D80386}.Debug|Any CPU.Build.0 = Debug|Any CPU
		{2817FA24-C903-418E-BF0E-962E46D80386}.Release|Any CPU.ActiveCfg = Release|Any CPU
		{2817FA24-C903-418E-BF0E-962E46D80386}.Release|Any CPU.Build.0 = Release|Any CPU
		{268125DC-FB8C-4B7A-A3A1-FC88BDFAC037}.Debug|Any CPU.ActiveCfg = Debug|Any CPU
		{268125DC-FB8C-4B7A-A3A1-FC88BDFAC037}.Debug|Any CPU.Build.0 = Debug|Any CPU
		{268125DC-FB8C-4B7A-A3A1-FC88BDFAC037}.Release|Any CPU.ActiveCfg = Release|Any CPU
		{268125DC-FB8C-4B7A-A3A1-FC88BDFAC037}.Release|Any CPU.Build.0 = Release|Any CPU
		{2ABB76B1-F990-451E-A41C-3510FA9EA4EF}.Debug|Any CPU.ActiveCfg = Debug|Any CPU
		{2ABB76B1-F990-451E-A41C-3510FA9EA4EF}.Debug|Any CPU.Build.0 = Debug|Any CPU
		{2ABB76B1-F990-451E-A41C-3510FA9EA4EF}.Release|Any CPU.ActiveCfg = Release|Any CPU
		{2ABB76B1-F990-451E-A41C-3510FA9EA4EF}.Release|Any CPU.Build.0 = Release|Any CPU
	EndGlobalSection
	GlobalSection(SolutionProperties) = preSolution
		HideSolutionNode = FALSE
	EndGlobalSection
	GlobalSection(ExtensibilityGlobals) = postSolution
		SolutionGuid = {E977305B-2161-44DD-8E70-041FA9CD6E79}
	EndGlobalSection
EndGlobal
